# THIS IS AN AUTOGENERATED FILE. DO NOT EDIT THIS FILE DIRECTLY.
# yarn lockfile v1


"@esbuild/android-arm64@0.18.14":
  version "0.18.14"
  resolved "https://registry.yarnpkg.com/@esbuild/android-arm64/-/android-arm64-0.18.14.tgz#d86197e6ff965a187b2ea2704915f596a040ed4b"
  integrity sha512-rZ2v+Luba5/3D6l8kofWgTnqE+qsC/L5MleKIKFyllHTKHrNBMqeRCnZI1BtRx8B24xMYxeU32iIddRQqMsOsg==

"@esbuild/android-arm@0.18.14":
  version "0.18.14"
  resolved "https://registry.yarnpkg.com/@esbuild/android-arm/-/android-arm-0.18.14.tgz#ed59310c0e6ec6df8b17e363d33a954ecf870f4f"
  integrity sha512-blODaaL+lngG5bdK/t4qZcQvq2BBqrABmYwqPPcS5VRxrCSGHb9R/rA3fqxh7R18I7WU4KKv+NYkt22FDfalcg==

"@esbuild/android-x64@0.18.14":
  version "0.18.14"
  resolved "https://registry.yarnpkg.com/@esbuild/android-x64/-/android-x64-0.18.14.tgz#e01b387f1db3dd2596a44e8c577aa2609750bc82"
  integrity sha512-qSwh8y38QKl+1Iqg+YhvCVYlSk3dVLk9N88VO71U4FUjtiSFylMWK3Ugr8GC6eTkkP4Tc83dVppt2n8vIdlSGg==

"@esbuild/darwin-arm64@0.18.14":
  version "0.18.14"
  resolved "https://registry.yarnpkg.com/@esbuild/darwin-arm64/-/darwin-arm64-0.18.14.tgz#e92fbdeb9ff209a762cf107df3026c1b3e04ab85"
  integrity sha512-9Hl2D2PBeDYZiNbnRKRWuxwHa9v5ssWBBjisXFkVcSP5cZqzZRFBUWEQuqBHO4+PKx4q4wgHoWtfQ1S7rUqJ2Q==

"@esbuild/darwin-x64@0.18.14":
  version "0.18.14"
  resolved "https://registry.yarnpkg.com/@esbuild/darwin-x64/-/darwin-x64-0.18.14.tgz#bc1884d9f812647e2078fa4c46e4bffec53c7c09"
  integrity sha512-ZnI3Dg4ElQ6tlv82qLc/UNHtFsgZSKZ7KjsUNAo1BF1SoYDjkGKHJyCrYyWjFecmXpvvG/KJ9A/oe0H12odPLQ==

"@esbuild/freebsd-arm64@0.18.14":
  version "0.18.14"
  resolved "https://registry.yarnpkg.com/@esbuild/freebsd-arm64/-/freebsd-arm64-0.18.14.tgz#1fa876f627536b5037f4aed90545ccc330fd509b"
  integrity sha512-h3OqR80Da4oQCIa37zl8tU5MwHQ7qgPV0oVScPfKJK21fSRZEhLE4IIVpmcOxfAVmqjU6NDxcxhYaM8aDIGRLw==

"@esbuild/freebsd-x64@0.18.14":
  version "0.18.14"
  resolved "https://registry.yarnpkg.com/@esbuild/freebsd-x64/-/freebsd-x64-0.18.14.tgz#effaa4c5d7bab695b5e6fae459eaf49121fbc7c3"
  integrity sha512-ha4BX+S6CZG4BoH9tOZTrFIYC1DH13UTCRHzFc3GWX74nz3h/N6MPF3tuR3XlsNjMFUazGgm35MPW5tHkn2lzQ==

"@esbuild/linux-arm64@0.18.14":
  version "0.18.14"
  resolved "https://registry.yarnpkg.com/@esbuild/linux-arm64/-/linux-arm64-0.18.14.tgz#24bb4b1836fe7900e1ffda78aa6875a4eb500e3a"
  integrity sha512-IXORRe22In7U65NZCzjwAUc03nn8SDIzWCnfzJ6t/8AvGx5zBkcLfknI+0P+hhuftufJBmIXxdSTbzWc8X/V4w==

"@esbuild/linux-arm@0.18.14":
  version "0.18.14"
  resolved "https://registry.yarnpkg.com/@esbuild/linux-arm/-/linux-arm-0.18.14.tgz#7f3490320a4627f4c850a8613385bdf3ffb82285"
  integrity sha512-5+7vehI1iqru5WRtJyU2XvTOvTGURw3OZxe3YTdE9muNNIdmKAVmSHpB3Vw2LazJk2ifEdIMt/wTWnVe5V98Kg==

"@esbuild/linux-ia32@0.18.14":
  version "0.18.14"
  resolved "https://registry.yarnpkg.com/@esbuild/linux-ia32/-/linux-ia32-0.18.14.tgz#91f1e82f92ffaff8d72f9d90a0f209022529031a"
  integrity sha512-BfHlMa0nibwpjG+VXbOoqJDmFde4UK2gnW351SQ2Zd4t1N3zNdmUEqRkw/srC1Sa1DRBE88Dbwg4JgWCbNz/FQ==

"@esbuild/linux-loong64@0.18.14":
  version "0.18.14"
  resolved "https://registry.yarnpkg.com/@esbuild/linux-loong64/-/linux-loong64-0.18.14.tgz#cd5cb806af6361578800af79919c5cfd53401a17"
  integrity sha512-j2/Ex++DRUWIAaUDprXd3JevzGtZ4/d7VKz+AYDoHZ3HjJzCyYBub9CU1wwIXN+viOP0b4VR3RhGClsvyt/xSw==

"@esbuild/linux-mips64el@0.18.14":
  version "0.18.14"
  resolved "https://registry.yarnpkg.com/@esbuild/linux-mips64el/-/linux-mips64el-0.18.14.tgz#c635b6c0b8b4f9b4bff3aaafad59fa8cc07b354a"
  integrity sha512-qn2+nc+ZCrJmiicoAnJXJJkZWt8Nwswgu1crY7N+PBR8ChBHh89XRxj38UU6Dkthl2yCVO9jWuafZ24muzDC/A==

"@esbuild/linux-ppc64@0.18.14":
  version "0.18.14"
  resolved "https://registry.yarnpkg.com/@esbuild/linux-ppc64/-/linux-ppc64-0.18.14.tgz#9b2bb80b7e30667a81ffbcddb74ad8e79330cc94"
  integrity sha512-aGzXzd+djqeEC5IRkDKt3kWzvXoXC6K6GyYKxd+wsFJ2VQYnOWE954qV2tvy5/aaNrmgPTb52cSCHFE+Z7Z0yg==

"@esbuild/linux-riscv64@0.18.14":
  version "0.18.14"
  resolved "https://registry.yarnpkg.com/@esbuild/linux-riscv64/-/linux-riscv64-0.18.14.tgz#9520d34a4ecbf404e56f4cebdcc686c83b66babc"
  integrity sha512-8C6vWbfr0ygbAiMFLS6OPz0BHvApkT2gCboOGV76YrYw+sD/MQJzyITNsjZWDXJwPu9tjrFQOVG7zijRzBCnLw==

"@esbuild/linux-s390x@0.18.14":
  version "0.18.14"
  resolved "https://registry.yarnpkg.com/@esbuild/linux-s390x/-/linux-s390x-0.18.14.tgz#3987e30f807b8faf20815b2b2f0a4919084d4e7c"
  integrity sha512-G/Lf9iu8sRMM60OVGOh94ZW2nIStksEcITkXdkD09/T6QFD/o+g0+9WVyR/jajIb3A0LvBJ670tBnGe1GgXMgw==

"@esbuild/linux-x64@0.18.14":
  version "0.18.14"
  resolved "https://registry.yarnpkg.com/@esbuild/linux-x64/-/linux-x64-0.18.14.tgz#51c727dc7045c47ab8c08fe6c09cda3e170d99f3"
  integrity sha512-TBgStYBQaa3EGhgqIDM+ECnkreb0wkcKqL7H6m+XPcGUoU4dO7dqewfbm0mWEQYH3kzFHrzjOFNpSAVzDZRSJw==

"@esbuild/netbsd-x64@0.18.14":
  version "0.18.14"
  resolved "https://registry.yarnpkg.com/@esbuild/netbsd-x64/-/netbsd-x64-0.18.14.tgz#4677bf88b489d5ffe1b5f0abbb85812996455479"
  integrity sha512-stvCcjyCQR2lMTroqNhAbvROqRjxPEq0oQ380YdXxA81TaRJEucH/PzJ/qsEtsHgXlWFW6Ryr/X15vxQiyRXVg==

"@esbuild/openbsd-x64@0.18.14":
  version "0.18.14"
  resolved "https://registry.yarnpkg.com/@esbuild/openbsd-x64/-/openbsd-x64-0.18.14.tgz#939902897e533162450f69266f32ef1325ba98fd"
  integrity sha512-apAOJF14CIsN5ht1PA57PboEMsNV70j3FUdxLmA2liZ20gEQnfTG5QU0FhENo5nwbTqCB2O3WDsXAihfODjHYw==

"@esbuild/sunos-x64@0.18.14":
  version "0.18.14"
  resolved "https://registry.yarnpkg.com/@esbuild/sunos-x64/-/sunos-x64-0.18.14.tgz#a50721d47b93586249bd63250bd4b7496fc9957b"
  integrity sha512-fYRaaS8mDgZcGybPn2MQbn1ZNZx+UXFSUoS5Hd2oEnlsyUcr/l3c6RnXf1bLDRKKdLRSabTmyCy7VLQ7VhGdOQ==

"@esbuild/win32-arm64@0.18.14":
  version "0.18.14"
  resolved "https://registry.yarnpkg.com/@esbuild/win32-arm64/-/win32-arm64-0.18.14.tgz#d8531d370e6fd0e0e40f40e016f996bbe4fd5ebf"
  integrity sha512-1c44RcxKEJPrVj62XdmYhxXaU/V7auELCmnD+Ri+UCt+AGxTvzxl9uauQhrFso8gj6ZV1DaORV0sT9XSHOAk8Q==

"@esbuild/win32-ia32@0.18.14":
  version "0.18.14"
  resolved "https://registry.yarnpkg.com/@esbuild/win32-ia32/-/win32-ia32-0.18.14.tgz#dcbf75e4e65d2921cd4be14ed67cec7360440e46"
  integrity sha512-EXAFttrdAxZkFQmpvcAQ2bywlWUsONp/9c2lcfvPUhu8vXBBenCXpoq9YkUvVP639ld3YGiYx0YUQ6/VQz3Maw==

"@esbuild/win32-x64@0.18.14":
  version "0.18.14"
  resolved "https://registry.yarnpkg.com/@esbuild/win32-x64/-/win32-x64-0.18.14.tgz#43f66032e0f189b6f394d4dbc903a188bb0c969f"
  integrity sha512-K0QjGbcskx+gY+qp3v4/940qg8JitpXbdxFhRDA1aYoNaPff88+aEwoq45aqJ+ogpxQxmU0ZTjgnrQD/w8iiUg==

esbuild@^0.18.10:
  version "0.18.14"
  resolved "https://registry.yarnpkg.com/esbuild/-/esbuild-0.18.14.tgz#3df4cfef66c55176583359d79fd416ffeb3cdf7e"
  integrity sha512-uNPj5oHPYmj+ZhSQeYQVFZ+hAlJZbAGOmmILWIqrGvPVlNLbyOvU5Bu6Woi8G8nskcx0vwY0iFoMPrzT86Ko+w==
  optionalDependencies:
    "@esbuild/android-arm" "0.18.14"
    "@esbuild/android-arm64" "0.18.14"
    "@esbuild/android-x64" "0.18.14"
    "@esbuild/darwin-arm64" "0.18.14"
    "@esbuild/darwin-x64" "0.18.14"
    "@esbuild/freebsd-arm64" "0.18.14"
    "@esbuild/freebsd-x64" "0.18.14"
    "@esbuild/linux-arm" "0.18.14"
    "@esbuild/linux-arm64" "0.18.14"
    "@esbuild/linux-ia32" "0.18.14"
    "@esbuild/linux-loong64" "0.18.14"
    "@esbuild/linux-mips64el" "0.18.14"
    "@esbuild/linux-ppc64" "0.18.14"
    "@esbuild/linux-riscv64" "0.18.14"
    "@esbuild/linux-s390x" "0.18.14"
    "@esbuild/linux-x64" "0.18.14"
    "@esbuild/netbsd-x64" "0.18.14"
    "@esbuild/openbsd-x64" "0.18.14"
    "@esbuild/sunos-x64" "0.18.14"
    "@esbuild/win32-arm64" "0.18.14"
    "@esbuild/win32-ia32" "0.18.14"
    "@esbuild/win32-x64" "0.18.14"

fsevents@~2.3.2:
  version "2.3.2"
  resolved "https://registry.yarnpkg.com/fsevents/-/fsevents-2.3.2.tgz#8a526f78b8fdf4623b709e0b975c52c24c02fd1a"
  integrity sha512-xiqMQR4xAeHTuB9uWm+fFRcIOgKBMiOBP+eXiyT7jsgVCq1bkVygt00oASowB7EdtpOHaaPgKt812P9ab+DDKA==

nanoid@^3.3.6:
  version "3.3.6"
  resolved "https://registry.yarnpkg.com/nanoid/-/nanoid-3.3.6.tgz#443380c856d6e9f9824267d960b4236ad583ea4c"
  integrity sha512-BGcqMMJuToF7i1rt+2PWSNVnWIkGCU78jBG3RxO/bZlnZPK2Cmi2QaffxGO/2RvWi9sL+FAiRiXMgsyxQ1DIDA==

picocolors@^1.0.0:
  version "1.0.0"
  resolved "https://registry.yarnpkg.com/picocolors/-/picocolors-1.0.0.tgz#cb5bdc74ff3f51892236eaf79d68bc44564ab81c"
  integrity sha512-1fygroTLlHu66zi26VoTDv8yRgm0Fccecssto+MhsZ0D/DGW2sm8E8AjW7NU5VVTRt5GxbeZ5qBuJr+HyLYkjQ==

postcss@^8.4.25:
  version "8.4.26"
  resolved "https://registry.yarnpkg.com/postcss/-/postcss-8.4.26.tgz#1bc62ab19f8e1e5463d98cf74af39702a00a9e94"
  integrity sha512-jrXHFF8iTloAenySjM/ob3gSj7pCu0Ji49hnjqzsgSRa50hkWCKD0HQ+gMNJkW38jBI68MpAAg7ZWwHwX8NMMw==
  dependencies:
    nanoid "^3.3.6"
    picocolors "^1.0.0"
    source-map-js "^1.0.2"

rollup@^3.25.2:
  version "3.26.3"
  resolved "https://registry.yarnpkg.com/rollup/-/rollup-3.26.3.tgz#bbc8818cadd0aebca348dbb3d68d296d220967b8"
  integrity sha512-7Tin0C8l86TkpcMtXvQu6saWH93nhG3dGQ1/+l5V2TDMceTxO7kDiK6GzbfLWNNxqJXm591PcEZUozZm51ogwQ==
  optionalDependencies:
    fsevents "~2.3.2"

source-map-js@^1.0.2:
  version "1.0.2"
  resolved "https://registry.yarnpkg.com/source-map-js/-/source-map-js-1.0.2.tgz#adbc361d9c62df380125e7f161f71c826f1e490c"
  integrity sha512-R0XvVJ9WusLiqTCEiGCmICCMplcCkIwwR11mOSD9CR5u+IXYdiseeEuXCVAjS54zqwkLcPNnmU4OeJ6tUrWhDw==

vite@^4.4.4:
  version "4.4.4"
  resolved "https://registry.yarnpkg.com/vite/-/vite-4.4.4.tgz#b76e6049c0e080cb54e735ad2d18287753752118"
  integrity sha512-4mvsTxjkveWrKDJI70QmelfVqTm+ihFAb6+xf4sjEU2TmUCTlVX87tmg/QooPEMQb/lM9qGHT99ebqPziEd3wg==
  dependencies:
    esbuild "^0.18.10"
    postcss "^8.4.25"
    rollup "^3.25.2"
  optionalDependencies:
    fsevents "~2.3.2"
